# @generated - this file is auto-generated by `mise lock` https://mise.en.dev/dev-tools/mise-lock.html

[[tools.cocogitto]]
version = "7.0.0"
backend = "aqua:cocogitto/cocogitto"

[tools.cocogitto."platforms.linux-arm64"]
checksum = "sha256:379949f50c4f8245ef9532913e83f351c048b55e40ebd52ed8a850642c07a753"
url = "https://github.com/cocogitto/cocogitto/releases/download/7.0.0/cocogitto-7.0.0-aarch64-unknown-linux-gnu.tar.gz"

[tools.cocogitto."platforms.linux-x64"]
checksum = "sha256:e03938ff2c4c86d71c00c0f3284dbbe95c5ca76fe34a51f33e945c23010d59bb"
url = "https://github.com/cocogitto/cocogitto/releases/download/7.0.0/cocogitto-7.0.0-x86_64-unknown-linux-musl.tar.gz"

[tools.cocogitto."platforms.linux-x64-musl"]
checksum = "sha256:e03938ff2c4c86d71c00c0f3284dbbe95c5ca76fe34a51f33e945c23010d59bb"
url = "https://github.com/cocogitto/cocogitto/releases/download/7.0.0/cocogitto-7.0.0-x86_64-unknown-linux-musl.tar.gz"

[tools.cocogitto."platforms.macos-arm64"]
checksum = "sha256:429303b6d68c6461aa221ab4de82b26d0bbcdee7127947ea9c7c411ab9bc574c"
url = "https://github.com/cocogitto/cocogitto/releases/download/7.0.0/cocogitto-7.0.0-aarch64-apple-darwin.tar.gz"

[tools.cocogitto."platforms.macos-x64"]
checksum = "sha256:591dcd462e2e35ecc21caf41a15a65d464b7ce1ce8a5c299fa0d46a7798dddb0"
url = "https://github.com/cocogitto/cocogitto/releases/download/7.0.0/cocogitto-7.0.0-x86_64-apple-darwin.tar.gz"

[tools.cocogitto."platforms.windows-x64"]
checksum = "sha256:074f68f05d270da5c0d69d3e234ec362bec4c6e3189c21d1c948d038603655d7"
url = "https://github.com/cocogitto/cocogitto/releases/download/7.0.0/cocogitto-7.0.0-x86_64-pc-windows-msvc.tar.gz"

[[tools.github-cli]]
version = "2.94.0"
backend = "aqua:cli/cli"

[tools.github-cli."platforms.linux-arm64"]
checksum = "sha256:705a23b70b0f1b7ba4c302fdcef392ce3edaacfa7ce8e85e4d93d72ea800a538"
url = "https://github.com/cli/cli/releases/download/v2.94.0/gh_2.94.0_linux_arm64.tar.gz"
provenance = "github-attestations"

[tools.github-cli."platforms.linux-arm64-musl"]
checksum = "sha256:705a23b70b0f1b7ba4c302fdcef392ce3edaacfa7ce8e85e4d93d72ea800a538"
url = "https://github.com/cli/cli/releases/download/v2.94.0/gh_2.94.0_linux_arm64.tar.gz"
provenance = "github-attestations"

[tools.github-cli."platforms.linux-x64"]
checksum = "sha256:a757f1ba6db18f4de8cbadb244843a5f89bc75b5e7c6fc127d2bd77fbd12ed62"
url = "https://github.com/cli/cli/releases/download/v2.94.0/gh_2.94.0_linux_amd64.tar.gz"
provenance = "github-attestations"

[tools.github-cli."platforms.linux-x64-musl"]
checksum = "sha256:a757f1ba6db18f4de8cbadb244843a5f89bc75b5e7c6fc127d2bd77fbd12ed62"
url = "https://github.com/cli/cli/releases/download/v2.94.0/gh_2.94.0_linux_amd64.tar.gz"
provenance = "github-attestations"

[tools.github-cli."platforms.macos-arm64"]
checksum = "sha256:4f9bc1a5e77500737290a307b40b4c396a4d23729f55340f2a83f414410165a1"
url = "https://github.com/cli/cli/releases/download/v2.94.0/gh_2.94.0_macOS_arm64.zip"
provenance = "github-attestations"

[tools.github-cli."platforms.macos-x64"]
checksum = "sha256:733ee8fa49247d27cd94a6c7384455bdecaa82172a3bcfad63ac1ecc2867251d"
url = "https://github.com/cli/cli/releases/download/v2.94.0/gh_2.94.0_macOS_amd64.zip"
provenance = "github-attestations"

[tools.github-cli."platforms.windows-x64"]
checksum = "sha256:c0766af54195dfa0bcd9a0cb63a45c313fbaffdebb9f736f666e9ba4be8c91e8"
url = "https://github.com/cli/cli/releases/download/v2.94.0/gh_2.94.0_windows_amd64.zip"
provenance = "github-attestations"

[[tools.rust]]
version = "stable"
backend = "core:rust"
